// !$*UTF8*$!
{
	archiveVersion = 1;
	classes = {
	};
	objectVersion = 50;
	objects = {

/* Begin PBXBuildFile section */
		AE13C8B520FF4F950051EC5E /* AppDelegate.swift in Sources */ = {isa = PBXBuildFile; fileRef = AE13C8B420FF4F950051EC5E /* AppDelegate.swift */; };
		AE13C8B720FF4F950051EC5E /* ViewController.swift in Sources */ = {isa = PBXBuildFile; fileRef = AE13C8B620FF4F950051EC5E /* ViewController.swift */; };
		AE13C8BA20FF4F950051EC5E /* Main.storyboard in Resources */ = {isa = PBXBuildFile; fileRef = AE13C8B820FF4F950051EC5E /* Main.storyboard */; };
		AE13C8BC20FF4F960051EC5E /* Assets.xcassets in Resources */ = {isa = PBXBuildFile; fileRef = AE13C8BB20FF4F960051EC5E /* Assets.xcassets */; };
		AE13C8BF20FF4F960051EC5E /* LaunchScreen.storyboard in Resources */ = {isa = PBXBuildFile; fileRef = AE13C8BD20FF4F960051EC5E /* LaunchScreen.storyboard */; };
		AE13C8CA20FF4F960051EC5E /* GitUseExampleTests.swift in Sources */ = {isa = PBXBuildFile; fileRef = AE13C8C920FF4F960051EC5E /* GitUseExampleTests.swift */; };
		AE13C8D520FF4F960051EC5E /* GitUseExampleUITests.swift in Sources */ = {isa = PBXBuildFile; fileRef = AE13C8D420FF4F960051EC5E /* GitUseExampleUITests.swift */; };
/* End PBXBuildFile section */

/* Begin PBXContainerItemProxy section */
		AE13C8C620FF4F960051EC5E /* PBXContainerItemProxy */ = {
			isa = PBXContainerItemProxy;
			containerPortal = AE13C8A920FF4F950051EC5E /* Project object */;
			proxyType = 1;
			remoteGlobalIDString = AE13C8B020FF4F950051EC5E;
			remoteInfo = GitUseExample;
		};
		AE13C8D120FF4F960051EC5E /* PBXContainerItemProxy */ = {
			isa = PBXContainerItemProxy;
			containerPortal = AE13C8A920FF4F950051EC5E /* Project object */;
			proxyType = 1;
			remoteGlobalIDString = AE13C8B020FF4F950051EC5E;
			remoteInfo = GitUseExample;
		};
/* End PBXContainerItemProxy section */

/* Begin PBXFileReference section */
		AE13C8B120FF4F950051EC5E /* GitUseExample.app */ = {isa = PBXFileReference; explicitFileType = wrapper.application; includeInIndex = 0; path = GitUseExample.app; sourceTree = BUILT_PRODUCTS_DIR; };
		AE13C8B420FF4F950051EC5E /* AppDelegate.swift */ = {isa = PBXFileReference; lastKnownFileType = sourcecode.swift; path = AppDelegate.swift; sourceTree = "<group>"; };
		AE13C8B620FF4F950051EC5E /* ViewController.swift */ = {isa = PBXFileReference; lastKnownFileType = sourcecode.swift; path = ViewController.swift; sourceTree = "<group>"; };
		AE13C8B920FF4F950051EC5E /* Base */ = {isa = PBXFileReference; lastKnownFileType = file.storyboard; name = Base; path = Base.lproj/Main.storyboard; sourceTree = "<group>"; };
		AE13C8BB20FF4F960051EC5E /* Assets.xcassets */ = {isa = PBXFileReference; lastKnownFileType = folder.assetcatalog; path = Assets.xcassets; sourceTree = "<group>"; };
		AE13C8BE20FF4F960051EC5E /* Base */ = {isa = PBXFileReference; lastKnownFileType = file.storyboard; name = Base; path = Base.lproj/LaunchScreen.storyboard; sourceTree = "<group>"; };
		AE13C8C020FF4F960051EC5E /* Info.plist */ = {isa = PBXFileReference; lastKnownFileType = text.plist.xml; path = Info.plist; sourceTree = "<group>"; };
		AE13C8C520FF4F960051EC5E /* GitUseExampleTests.xctest */ = {isa = PBXFileReference; explicitFileType = wrapper.cfbundle; includeInIndex = 0; path = GitUseExampleTests.xctest; sourceTree = BUILT_PRODUCTS_DIR; };
		AE13C8C920FF4F960051EC5E /* GitUseExampleTests.swift */ = {isa = PBXFileReference; lastKnownFileType = sourcecode.swift; path = GitUseExampleTests.swift; sourceTree = "<group>"; };
		AE13C8CB20FF4F960051EC5E /* Info.plist */ = {isa = PBXFileReference; lastKnownFileType = text.plist.xml; path = Info.plist; sourceTree = "<group>"; };
		AE13C8D020FF4F960051EC5E /* GitUseExampleUITests.xctest */ = {isa = PBXFileReference; explicitFileType = wrapper.cfbundle; includeInIndex = 0; path = GitUseExampleUITests.xctest; sourceTree = BUILT_PRODUCTS_DIR; };
		AE13C8D420FF4F960051EC5E /* GitUseExampleUITests.swift */ = {isa = PBXFileReference; lastKnownFileType = sourcecode.swift; path = GitUseExampleUITests.swift; sourceTree = "<group>"; };
		AE13C8D620FF4F960051EC5E /* Info.plist */ = {isa = PBXFileReference; lastKnownFileType = text.plist.xml; path = Info.plist; sourceTree = "<group>"; };
/* End PBXFileReference section */

/* Begin PBXFrameworksBuildPhase section */
		AE13C8AE20FF4F950051EC5E /* Frameworks */ = {
			isa = PBXFrameworksBuildPhase;
			buildActionMask = 2147483647;
			files = (
			);
			runOnlyForDeploymentPostprocessing = 0;
		};
		AE13C8C220FF4F960051EC5E /* Frameworks */ = {
			isa = PBXFrameworksBuildPhase;
			buildActionMask = 2147483647;
			files = (
			);
			runOnlyForDeploymentPostprocessing = 0;
		};
		AE13C8CD20FF4F960051EC5E /* Frameworks */ = {
			isa = PBXFrameworksBuildPhase;
			buildActionMask = 2147483647;
			files = (
			);
			runOnlyForDeploymentPostprocessing = 0;
		};
/* End PBXFrameworksBuildPhase section */

/* Begin PBXGroup section */
		AE13C8A820FF4F950051EC5E = {
			isa = PBXGroup;
			children = (
				AE13C8B320FF4F950051EC5E /* GitUseExample */,
				AE13C8C820FF4F960051EC5E /* GitUseExampleTests */,
				AE13C8D320FF4F960051EC5E /* GitUseExampleUITests */,
				AE13C8B220FF4F950051EC5E /* Products */,
			);
			sourceTree = "<group>";
		};
		AE13C8B220FF4F950051EC5E /* Products */ = {
			isa = PBXGroup;
			children = (
				AE13C8B120FF4F950051EC5E /* GitUseExample.app */,
				AE13C8C520FF4F960051EC5E /* GitUseExampleTests.xctest */,
				AE13C8D020FF4F960051EC5E /* GitUseExampleUITests.xctest */,
			);
			name = Products;
			sourceTree = "<group>";
		};
		AE13C8B320FF4F950051EC5E /* GitUseExample */ = {
			isa = PBXGroup;
			children = (
				AE13C8B420FF4F950051EC5E /* AppDelegate.swift */,
				AE13C8B620FF4F950051EC5E /* ViewController.swift */,
				AE13C8B820FF4F950051EC5E /* Main.storyboard */,
				AE13C8BB20FF4F960051EC5E /* Assets.xcassets */,
				AE13C8BD20FF4F960051EC5E /* LaunchScreen.storyboard */,
				AE13C8C020FF4F960051EC5E /* Info.plist */,
			);
			path = GitUseExample;
			sourceTree = "<group>";
		};
		AE13C8C820FF4F960051EC5E /* GitUseExampleTests */ = {
			isa = PBXGroup;
			children = (
				AE13C8C920FF4F960051EC5E /* GitUseExampleTests.swift */,
				AE13C8CB20FF4F960051EC5E /* Info.plist */,
			);
			path = GitUseExampleTests;
			sourceTree = "<group>";
		};
		AE13C8D320FF4F960051EC5E /* GitUseExampleUITests */ = {
			isa = PBXGroup;
			children = (
				AE13C8D420FF4F960051EC5E /* GitUseExampleUITests.swift */,
				AE13C8D620FF4F960051EC5E /* Info.plist */,
			);
			path = GitUseExampleUITests;
			sourceTree = "<group>";
		};
/* End PBXGroup section */

/* Begin PBXNativeTarget section */
		AE13C8B020FF4F950051EC5E /* GitUseExample */ = {
			isa = PBXNativeTarget;
			buildConfigurationList = AE13C8D920FF4F960051EC5E /* Build configuration list for PBXNativeTarget "GitUseExample" */;
			buildPhases = (
				AE13C8AD20FF4F950051EC5E /* Sources */,
				AE13C8AE20FF4F950051EC5E /* Frameworks */,
				AE13C8AF20FF4F950051EC5E /* Resources */,
			);
			buildRules = (
			);
			dependencies = (
			);
			name = GitUseExample;
			productName = GitUseExample;
			productReference = AE13C8B120FF4F950051EC5E /* GitUseExample.app */;
			productType = "com.apple.product-type.application";
		};
		AE13C8C420FF4F960051EC5E /* GitUseExampleTests */ = {
			isa = PBXNativeTarget;
			buildConfigurationList = AE13C8DC20FF4F960051EC5E /* Build configuration list for PBXNativeTarget "GitUseExampleTests" */;
			buildPhases = (
				AE13C8C120FF4F960051EC5E /* Sources */,
				AE13C8C220FF4F960051EC5E /* Frameworks */,
				AE13C8C320FF4F960051EC5E /* Resources */,
			);
			buildRules = (
			);
			dependencies = (
				AE13C8C720FF4F960051EC5E /* PBXTargetDependency */,
			);
			name = GitUseExampleTests;
			productName = GitUseExampleTests;
			productReference = AE13C8C520FF4F960051EC5E /* GitUseExampleTests.xctest */;
			productType = "com.apple.product-type.bundle.unit-test";
		};
		AE13C8CF20FF4F960051EC5E /* GitUseExampleUITests */ = {
			isa = PBXNativeTarget;
			buildConfigurationList = AE13C8DF20FF4F960051EC5E /* Build configuration list for PBXNativeTarget "GitUseExampleUITests" */;
			buildPhases = (
				AE13C8CC20FF4F960051EC5E /* Sources */,
				AE13C8CD20FF4F960051EC5E /* Frameworks */,
				AE13C8CE20FF4F960051EC5E /* Resources */,
			);
			buildRules = (
			);
			dependencies = (
				AE13C8D220FF4F960051EC5E /* PBXTargetDependency */,
			);
			name = GitUseExampleUITests;
			productName = GitUseExampleUITests;
			productReference = AE13C8D020FF4F960051EC5E /* GitUseExampleUITests.xctest */;
			productType = "com.apple.product-type.bundle.ui-testing";
		};
/* End PBXNativeTarget section */

/* Begin PBXProject section */
		AE13C8A920FF4F950051EC5E /* Project object */ = {
			isa = PBXProject;
			attributes = {
				LastSwiftUpdateCheck = 0940;
				LastUpgradeCheck = 0940;
				ORGANIZATIONNAME = Yi;
				TargetAttributes = {
					AE13C8B020FF4F950051EC5E = {
						CreatedOnToolsVersion = 9.4.1;
					};
					AE13C8C420FF4F960051EC5E = {
						CreatedOnToolsVersion = 9.4.1;
						TestTargetID = AE13C8B020FF4F950051EC5E;
					};
					AE13C8CF20FF4F960051EC5E = {
						CreatedOnToolsVersion = 9.4.1;
						TestTargetID = AE13C8B020FF4F950051EC5E;
					};
				};
			};
			buildConfigurationList = AE13C8AC20FF4F950051EC5E /* Build configuration list for PBXProject "GitUseExample" */;
			compatibilityVersion = "Xcode 9.3";
			developmentRegion = en;
			hasScannedForEncodings = 0;
			knownRegions = (
				en,
				Base,
			);
			mainGroup = AE13C8A820FF4F950051EC5E;
			productRefGroup = AE13C8B220FF4F950051EC5E /* Products */;
			projectDirPath = "";
			projectRoot = "";
			targets = (
				AE13C8B020FF4F950051EC5E /* GitUseExample */,
				AE13C8C420FF4F960051EC5E /* GitUseExampleTests */,
				AE13C8CF20FF4F960051EC5E /* GitUseExampleUITests */,
			);
		};
/* End PBXProject section */

/* Begin PBXResourcesBuildPhase section */
		AE13C8AF20FF4F950051EC5E /* Resources */ = {
			isa = PBXResourcesBuildPhase;
			buildActionMask = 2147483647;
			files = (
				AE13C8BF20FF4F960051EC5E /* LaunchScreen.storyboard in Resources */,
				AE13C8BC20FF4F960051EC5E /* Assets.xcassets in Resources */,
				AE13C8BA20FF4F950051EC5E /* Main.storyboard in Resources */,
			);
			runOnlyForDeploymentPostprocessing = 0;
		};
		AE13C8C320FF4F960051EC5E /* Resources */ = {
			isa = PBXResourcesBuildPhase;
			buildActionMask = 2147483647;
			files = (
			);
			runOnlyForDeploymentPostprocessing = 0;
		};
		AE13C8CE20FF4F960051EC5E /* Resources */ = {
			isa = PBXResourcesBuildPhase;
			buildActionMask = 2147483647;
			files = (
			);
			runOnlyForDeploymentPostprocessing = 0;
		};
/* End PBXResourcesBuildPhase section */

/* Begin PBXSourcesBuildPhase section */
		AE13C8AD20FF4F950051EC5E /* Sources */ = {
			isa = PBXSourcesBuildPhase;
			buildActionMask = 2147483647;
			files = (
				AE13C8B720FF4F950051EC5E /* ViewController.swift in Sources */,
				AE13C8B520FF4F950051EC5E /* AppDelegate.swift in Sources */,
			);
			runOnlyForDeploymentPostprocessing = 0;
		};
		AE13C8C120FF4F960051EC5E /* Sources */ = {
			isa = PBXSourcesBuildPhase;
			buildActionMask = 2147483647;
			files = (
				AE13C8CA20FF4F960051EC5E /* GitUseExampleTests.swift in Sources */,
			);
			runOnlyForDeploymentPostprocessing = 0;
		};
		AE13C8CC20FF4F960051EC5E /* Sources */ = {
			isa = PBXSourcesBuildPhase;
			buildActionMask = 2147483647;
			files = (
				AE13C8D520FF4F960051EC5E /* GitUseExampleUITests.swift in Sources */,
			);
			runOnlyForDeploymentPostprocessing = 0;
		};
/* End PBXSourcesBuildPhase section */

/* Begin PBXTargetDependency section */
		AE13C8C720FF4F960051EC5E /* PBXTargetDependency */ = {
			isa = PBXTargetDependency;
			target = AE13C8B020FF4F950051EC5E /* GitUseExample */;
			targetProxy = AE13C8C620FF4F960051EC5E /* PBXContainerItemProxy */;
		};
		AE13C8D220FF4F960051EC5E /* PBXTargetDependency */ = {
			isa = PBXTargetDependency;
			target = AE13C8B020FF4F950051EC5E /* GitUseExample */;
			targetProxy = AE13C8D120FF4F960051EC5E /* PBXContainerItemProxy */;
		};
/* End PBXTargetDependency section */

/* Begin PBXVariantGroup section */
		AE13C8B820FF4F950051EC5E /* Main.storyboard */ = {
			isa = PBXVariantGroup;
			children = (
				AE13C8B920FF4F950051EC5E /* Base */,
			);
			name = Main.storyboard;
			sourceTree = "<group>";
		};
		AE13C8BD20FF4F960051EC5E /* LaunchScreen.storyboard */ = {
			isa = PBXVariantGroup;
			children = (
				AE13C8BE20FF4F960051EC5E /* Base */,
			);
			name = LaunchScreen.storyboard;
			sourceTree = "<group>";
		};
/* End PBXVariantGroup section */

/* Begin XCBuildConfiguration section */
		AE13C8D720FF4F960051EC5E /* Debug */ = {
			isa = XCBuildConfiguration;
			buildSettings = {
				ALWAYS_SEARCH_USER_PATHS = NO;
				CLANG_ANALYZER_NONNULL = YES;
				CLANG_ANALYZER_NUMBER_OBJECT_CONVERSION = YES_AGGRESSIVE;
				CLANG_CXX_LANGUAGE_STANDARD = "gnu++14";
				CLANG_CXX_LIBRARY = "libc++";
				CLANG_ENABLE_MODULES = YES;
				CLANG_ENABLE_OBJC_ARC = YES;
				CLANG_ENABLE_OBJC_WEAK = YES;
				CLANG_WARN_BLOCK_CAPTURE_AUTORELEASING = YES;
				CLANG_WARN_BOOL_CONVERSION = YES;
				CLANG_WARN_COMMA = YES;
				CLANG_WARN_CONSTANT_CONVERSION = YES;
				CLANG_WARN_DEPRECATED_OBJC_IMPLEMENTATIONS = YES;
				CLANG_WARN_DIRECT_OBJC_ISA_USAGE = YES_ERROR;
				CLANG_WARN_DOCUMENTATION_COMMENTS = YES;
				CLANG_WARN_EMPTY_BODY = YES;
				CLANG_WARN_ENUM_CONVERSION = YES;
				CLANG_WARN_INFINITE_RECURSION = YES;
				CLANG_WARN_INT_CONVERSION = YES;
				CLANG_WARN_NON_LITERAL_NULL_CONVERSION = YES;
				CLANG_WARN_OBJC_IMPLICIT_RETAIN_SELF = YES;
				CLANG_WARN_OBJC_LITERAL_CONVERSION = YES;
				CLANG_WARN_OBJC_ROOT_CLASS = YES_ERROR;
				CLANG_WARN_RANGE_LOOP_ANALYSIS = YES;
				CLANG_WARN_STRICT_PROTOTYPES = YES;
				CLANG_WARN_SUSPICIOUS_MOVE = YES;
				CLANG_WARN_UNGUARDED_AVAILABILITY = YES_AGGRESSIVE;
				CLANG_WARN_UNREACHABLE_CODE = YES;
				CLANG_WARN__DUPLICATE_METHOD_MATCH = YES;
				CODE_SIGN_IDENTITY = "iPhone Developer";
				COPY_PHASE_STRIP = NO;
				DEBUG_INFORMATION_FORMAT = dwarf;
				ENABLE_STRICT_OBJC_MSGSEND = YES;
				ENABLE_TESTABILITY = YES;
				GCC_C_LANGUAGE_STANDARD = gnu11;
				GCC_DYNAMIC_NO_PIC = NO;
				GCC_NO_COMMON_BLOCKS = YES;
				GCC_OPTIMIZATION_LEVEL = 0;
				GCC_PREPROCESSOR_DEFINITIONS = (
					"DEBUG=1",
					"$(inherited)",
				);
				GCC_WARN_64_TO_32_BIT_CONVERSION = YES;
				GCC_WARN_ABOUT_RETURN_TYPE = YES_ERROR;
				GCC_WARN_UNDECLARED_SELECTOR = YES;
				GCC_WARN_UNINITIALIZED_AUTOS = YES_AGGRESSIVE;
				GCC_WARN_UNUSED_FUNCTION = YES;
				GCC_WARN_UNUSED_VARIABLE = YES;
				IPHONEOS_DEPLOYMENT_TARGET = 11.4;
				MTL_ENABLE_DEBUG_INFO = YES;
				ONLY_ACTIVE_ARCH = YES;
				SDKROOT = iphoneos;
				SWIFT_ACTIVE_COMPILATION_CONDITIONS = DEBUG;
				SWIFT_OPTIMIZATION_LEVEL = "-Onone";
			};
			name = Debug;
		};
		AE13C8D820FF4F960051EC5E /* Release */ = {
			isa = XCBuildConfiguration;
			buildSettings = {
				ALWAYS_SEARCH_USER_PATHS = NO;
				CLANG_ANALYZER_NONNULL = YES;
				CLANG_ANALYZER_NUMBER_OBJECT_CONVERSION = YES_AGGRESSIVE;
				CLANG_CXX_LANGUAGE_STANDARD = "gnu++14";
				CLANG_CXX_LIBRARY = "libc++";
				CLANG_ENABLE_MODULES = YES;
				CLANG_ENABLE_OBJC_ARC = YES;
				CLANG_ENABLE_OBJC_WEAK = YES;
				CLANG_WARN_BLOCK_CAPTURE_AUTORELEASING = YES;
				CLANG_WARN_BOOL_CONVERSION = YES;
				CLANG_WARN_COMMA = YES;
				CLANG_WARN_CONSTANT_CONVERSION = YES;
				CLANG_WARN_DEPRECATED_OBJC_IMPLEMENTATIONS = YES;
				CLANG_WARN_DIRECT_OBJC_ISA_USAGE = YES_ERROR;
				CLANG_WARN_DOCUMENTATION_COMMENTS = YES;
				CLANG_WARN_EMPTY_BODY = YES;
				CLANG_WARN_ENUM_CONVERSION = YES;
				CLANG_WARN_INFINITE_RECURSION = YES;
				CLANG_WARN_INT_CONVERSION = YES;
				CLANG_WARN_NON_LITERAL_NULL_CONVERSION = YES;
				CLANG_WARN_OBJC_IMPLICIT_RETAIN_SELF = YES;
				CLANG_WARN_OBJC_LITERAL_CONVERSION = YES;
				CLANG_WARN_OBJC_ROOT_CLASS = YES_ERROR;
				CLANG_WARN_RANGE_LOOP_ANALYSIS = YES;
				CLANG_WARN_STRICT_PROTOTYPES = YES;
				CLANG_WARN_SUSPICIOUS_MOVE = YES;
				CLANG_WARN_UNGUARDED_AVAILABILITY = YES_AGGRESSIVE;
				CLANG_WARN_UNREACHABLE_CODE = YES;
				CLANG_WARN__DUPLICATE_METHOD_MATCH = YES;
				CODE_SIGN_IDENTITY = "iPhone Developer";
				COPY_PHASE_STRIP = NO;
				DEBUG_INFORMATION_FORMAT = "dwarf-with-dsym";
				ENABLE_NS_ASSERTIONS = NO;
				ENABLE_STRICT_OBJC_MSGSEND = YES;
				GCC_C_LANGUAGE_STANDARD = gnu11;
				GCC_NO_COMMON_BLOCKS = YES;
				GCC_WARN_64_TO_32_BIT_CONVERSION = YES;
				GCC_WARN_ABOUT_RETURN_TYPE = YES_ERROR;
				GCC_WARN_UNDECLARED_SELECTOR = YES;
				GCC_WARN_UNINITIALIZED_AUTOS = YES_AGGRESSIVE;
				GCC_WARN_UNUSED_FUNCTION = YES;
				GCC_WARN_UNUSED_VARIABLE = YES;
				IPHONEOS_DEPLOYMENT_TARGET = 11.4;
				MTL_ENABLE_DEBUG_INFO = NO;
				SDKROOT = iphoneos;
				SWIFT_COMPILATION_MODE = wholemodule;
				SWIFT_OPTIMIZATION_LEVEL = "-O";
				VALIDATE_PRODUCT = YES;
			};
			name = Release;
		};
		AE13C8DA20FF4F960051EC5E /* Debug */ = {
			isa = XCBuildConfiguration;
			buildSettings = {
				ASSETCATALOG_COMPILER_APPICON_NAME = AppIcon;
				CODE_SIGN_STYLE = Automatic;
				INFOPLIST_FILE = GitUseExample/Info.plist;
				LD_RUNPATH_SEARCH_PATHS = (
					"$(inherited)",
					"@executable_path/Frameworks",
				);
				PRODUCT_BUNDLE_IDENTIFIER = com.Yi.GitUseExample;
				PRODUCT_NAME = "$(TARGET_NAME)";
				SWIFT_VERSION = 4.0;
				TARGETED_DEVICE_FAMILY = "1,2";
			};
			name = Debug;
		};
		AE13C8DB20FF4F960051EC5E /* Release */ = {
			isa = XCBuildConfiguration;
			buildSettings = {
				ASSETCATALOG_COMPILER_APPICON_NAME = AppIcon;
				CODE_SIGN_STYLE = Automatic;
				INFOPLIST_FILE = GitUseExample/Info.plist;
				LD_RUNPATH_SEARCH_PATHS = (
					"$(inherited)",
					"@executable_path/Frameworks",
				);
				PRODUCT_BUNDLE_IDENTIFIER = com.Yi.GitUseExample;
				PRODUCT_NAME = "$(TARGET_NAME)";
				SWIFT_VERSION = 4.0;
				TARGETED_DEVICE_FAMILY = "1,2";
			};
			name = Release;
		};
		AE13C8DD20FF4F960051EC5E /* Debug */ = {
			isa = XCBuildConfiguration;
			buildSettings = {
				ALWAYS_EMBED_SWIFT_STANDARD_LIBRARIES = YES;
				BUNDLE_LOADER = "$(TEST_HOST)";
				CODE_SIGN_STYLE = Automatic;
				INFOPLIST_FILE = GitUseExampleTests/Info.plist;
				LD_RUNPATH_SEARCH_PATHS = (
					"$(inherited)",
					"@executable_path/Frameworks",
					"@loader_path/Frameworks",
				);
				PRODUCT_BUNDLE_IDENTIFIER = com.Yi.GitUseExampleTests;
				PRODUCT_NAME = "$(TARGET_NAME)";
				SWIFT_VERSION = 4.0;
				TARGETED_DEVICE_FAMILY = "1,2";
				TEST_HOST = "$(BUILT_PRODUCTS_DIR)/GitUseExample.app/GitUseExample";
			};
			name = Debug;
		};
		AE13C8DE20FF4F960051EC5E /* Release */ = {
			isa = XCBuildConfiguration;
			buildSettings = {
				ALWAYS_EMBED_SWIFT_STANDARD_LIBRARIES = YES;
				BUNDLE_LOADER = "$(TEST_HOST)";
				CODE_SIGN_STYLE = Automatic;
				INFOPLIST_FILE = GitUseExampleTests/Info.plist;
				LD_RUNPATH_SEARCH_PATHS = (
					"$(inherited)",
					"@executable_path/Frameworks",
					"@loader_path/Frameworks",
				);
				PRODUCT_BUNDLE_IDENTIFIER = com.Yi.GitUseExampleTests;
				PRODUCT_NAME = "$(TARGET_NAME)";
				SWIFT_VERSION = 4.0;
				TARGETED_DEVICE_FAMILY = "1,2";
				TEST_HOST = "$(BUILT_PRODUCTS_DIR)/GitUseExample.app/GitUseExample";
			};
			name = Release;
		};
		AE13C8E020FF4F960051EC5E /* Debug */ = {
			isa = XCBuildConfiguration;
			buildSettings = {
				ALWAYS_EMBED_SWIFT_STANDARD_LIBRARIES = YES;
				CODE_SIGN_STYLE = Automatic;
				INFOPLIST_FILE = GitUseExampleUITests/Info.plist;
				LD_RUNPATH_SEARCH_PATHS = (
					"$(inherited)",
					"@executable_path/Frameworks",
					"@loader_path/Frameworks",
				);
				PRODUCT_BUNDLE_IDENTIFIER = com.Yi.GitUseExampleUITests;
				PRODUCT_NAME = "$(TARGET_NAME)";
				SWIFT_VERSION = 4.0;
				TARGETED_DEVICE_FAMILY = "1,2";
				TEST_TARGET_NAME = GitUseExample;
			};
			name = Debug;
		};
		AE13C8E120FF4F960051EC5E /* Release */ = {
			isa = XCBuildConfiguration;
			buildSettings = {
				ALWAYS_EMBED_SWIFT_STANDARD_LIBRARIES = YES;
				CODE_SIGN_STYLE = Automatic;
				INFOPLIST_FILE = GitUseExampleUITests/Info.plist;
				LD_RUNPATH_SEARCH_PATHS = (
					"$(inherited)",
					"@executable_path/Frameworks",
					"@loader_path/Frameworks",
				);
				PRODUCT_BUNDLE_IDENTIFIER = com.Yi.GitUseExampleUITests;
				PRODUCT_NAME = "$(TARGET_NAME)";
				SWIFT_VERSION = 4.0;
				TARGETED_DEVICE_FAMILY = "1,2";
				TEST_TARGET_NAME = GitUseExample;
			};
			name = Release;
		};
/* End XCBuildConfiguration section */

/* Begin XCConfigurationList section */
		AE13C8AC20FF4F950051EC5E /* Build configuration list for PBXProject "GitUseExample" */ = {
			isa = XCConfigurationList;
			buildConfigurations = (
				AE13C8D720FF4F960051EC5E /* Debug */,
				AE13C8D820FF4F960051EC5E /* Release */,
			);
			defaultConfigurationIsVisible = 0;
			defaultConfigurationName = Release;
		};
		AE13C8D920FF4F960051EC5E /* Build configuration list for PBXNativeTarget "GitUseExample" */ = {
			isa = XCConfigurationList;
			buildConfigurations = (
				AE13C8DA20FF4F960051EC5E /* Debug */,
				AE13C8DB20FF4F960051EC5E /* Release */,
			);
			defaultConfigurationIsVisible = 0;
			defaultConfigurationName = Release;
		};
		AE13C8DC20FF4F960051EC5E /* Build configuration list for PBXNativeTarget "GitUseExampleTests" */ = {
			isa = XCConfigurationList;
			buildConfigurations = (
				AE13C8DD20FF4F960051EC5E /* Debug */,
				AE13C8DE20FF4F960051EC5E /* Release */,
			);
			defaultConfigurationIsVisible = 0;
			defaultConfigurationName = Release;
		};
		AE13C8DF20FF4F960051EC5E /* Build configuration list for PBXNativeTarget "GitUseExampleUITests" */ = {
			isa = XCConfigurationList;
			buildConfigurations = (
				AE13C8E020FF4F960051EC5E /* Debug */,
				AE13C8E120FF4F960051EC5E /* Release */,
			);
			defaultConfigurationIsVisible = 0;
			defaultConfigurationName = Release;
		};
/* End XCConfigurationList section */
	};
	rootObject = AE13C8A920FF4F950051EC5E /* Project object */;
}
